
Microsoft Visual Studio Solution File, Format Version 12.00
# Visual Studio Version 17
VisualStudioVersion = 17.4.32804.182
MinimumVisualStudioVersion = 10.0.40219.1
Project("{FAE04EC0-301F-11D3-BF4B-00C04F79EFBC}") = "AspNetCoreEndpoints", "AspNetCoreEndpoints\AspNetCoreEndpoints.csproj", "{98F4ACE2-6A9F-4585-BE6A-2EA3608A957A}"
EndProject
Global
	GlobalSection(SolutionConfigurationPlatforms) = preSolution
		Debug|Any CPU = Debug|Any CPU
		Release|Any CPU = Release|Any CPU
	EndGlobalSection
	GlobalSection(ProjectConfigurationPlatforms) = postSolution
		{98F4ACE2-6A9F-4585-BE6A-2EA3608A957A}.Debug|Any CPU.ActiveCfg = Debug|Any CPU
		{98F4ACE2-6A9F-4585-BE6A-2EA3608A957A}.Debug|Any CPU.Build.0 = Debug|Any CPU
		{98F4ACE2-6A9F-4585-BE6A-2EA3608A957A}.Release|Any CPU.ActiveCfg = Release|Any CPU
		{98F4ACE2-6A9F-4585-BE6A-2EA3608A957A}.Release|Any CPU.Build.0 = Release|Any CPU
	EndGlobalSection
	GlobalSection(SolutionProperties) = preSolution
		HideSolutionNode = FALSE
	EndGlobalSection
	GlobalSection(ExtensibilityGlobals) = postSolution
		SolutionGuid = {6B9DE117-7FB4-4911-A720-F54C678FC0C8}
	EndGlobalSection
EndGlobal
